Microsoft Visual Studio Solution File, Format Version 12.00
# Visual Studio Version 17
VisualStudioVersion = 17.5.2.0
MinimumVisualStudioVersion = 10.0.40219.1
Project("{FAE04EC0-301F-11D3-BF4B-00C04F79EFBC}") = "PcTimeGuard", "PcTimeGuard.csproj", "{E313E72A-16D1-CA8D-630C-32CA632AE826}"
EndProject
Global
	GlobalSection(SolutionConfigurationPlatforms) = preSolution
		Debug|Any CPU = Debug|Any CPU
		Release|Any CPU = Release|Any CPU
	EndGlobalSection
	GlobalSection(ProjectConfigurationPlatforms) = postSolution
		{E313E72A-16D1-CA8D-630C-32CA632AE826}.Debug|Any CPU.ActiveCfg = Debug|Any CPU
		{E313E72A-16D1-CA8D-630C-32CA632AE826}.Debug|Any CPU.Build.0 = Debug|Any CPU
		{E313E72A-16D1-CA8D-630C-32CA632AE826}.Release|Any CPU.ActiveCfg = Release|Any CPU
		{E313E72A-16D1-CA8D-630C-32CA632AE826}.Release|Any CPU.Build.0 = Release|Any CPU
	EndGlobalSection
	GlobalSection(SolutionProperties) = preSolution
		HideSolutionNode = FALSE
	EndGlobalSection
	GlobalSection(ExtensibilityGlobals) = postSolution
		SolutionGuid = {851F9D35-AD1D-4E0E-ADE8-8DD5F2F23C42}
	EndGlobalSection
EndGlobal
